
Microsoft Visual Studio Solution File, Format Version 12.00
# Visual Studio Version 17
VisualStudioVersion = 17.14.37216.2 d17.14
MinimumVisualStudioVersion = 10.0.40219.1
Project("{8BC9CEB8-8B4A-11D0-8D11-00A0C91BC942}") = "1.41CSortingArrays.Claude", "1.41CSortingArrays.Claude\1.41CSortingArrays.Claude.vcxproj", "{935C58CE-93DA-455F-94AB-B579265B3AE7}"
EndProject
Global
	GlobalSection(SolutionConfigurationPlatforms) = preSolution
		Debug|x64 = Debug|x64
		Debug|x86 = Debug|x86
		Release|x64 = Release|x64
		Release|x86 = Release|x86
	EndGlobalSection
	GlobalSection(ProjectConfigurationPlatforms) = postSolution
		{935C58CE-93DA-455F-94AB-B579265B3AE7}.Debug|x64.ActiveCfg = Debug|x64
		{935C58CE-93DA-455F-94AB-B579265B3AE7}.Debug|x64.Build.0 = Debug|x64
		{935C58CE-93DA-455F-94AB-B579265B3AE7}.Debug|x86.ActiveCfg = Debug|Win32
		{935C58CE-93DA-455F-94AB-B579265B3AE7}.Debug|x86.Build.0 = Debug|Win32
		{935C58CE-93DA-455F-94AB-B579265B3AE7}.Release|x64.ActiveCfg = Release|x64
		{935C58CE-93DA-455F-94AB-B579265B3AE7}.Release|x64.Build.0 = Release|x64
		{935C58CE-93DA-455F-94AB-B579265B3AE7}.Release|x86.ActiveCfg = Release|Win32
		{935C58CE-93DA-455F-94AB-B579265B3AE7}.Release|x86.Build.0 = Release|Win32
	EndGlobalSection
	GlobalSection(SolutionProperties) = preSolution
		HideSolutionNode = FALSE
	EndGlobalSection
	GlobalSection(ExtensibilityGlobals) = postSolution
		SolutionGuid = {93BF217C-FFAE-4708-BA69-EA9A583A9085}
	EndGlobalSection
EndGlobal
